
Microsoft Visual Studio Solution File, Format Version 12.00
# Visual Studio Version 17
VisualStudioVersion = 17.9.34728.123
MinimumVisualStudioVersion = 10.0.40219.1
Project("{FAE04EC0-301F-11D3-BF4B-00C04F79EFBC}") = "JenkinsConsoleApp", "JenkinsConsoleApp\JenkinsConsoleApp.csproj", "{A8ACE994-57A9-4093-9834-6B0D387631D7}"
EndProject
Global
	GlobalSection(SolutionConfigurationPlatforms) = preSolution
		Debug|Any CPU = Debug|Any CPU
		Release|Any CPU = Release|Any CPU
	EndGlobalSection
	GlobalSection(ProjectConfigurationPlatforms) = postSolution
		{A8ACE994-57A9-4093-9834-6B0D387631D7}.Debug|Any CPU.ActiveCfg = Debug|Any CPU
		{A8ACE994-57A9-4093-9834-6B0D387631D7}.Debug|Any CPU.Build.0 = Debug|Any CPU
		{A8ACE994-57A9-4093-9834-6B0D387631D7}.Release|Any CPU.ActiveCfg = Release|Any CPU
		{A8ACE994-57A9-4093-9834-6B0D387631D7}.Release|Any CPU.Build.0 = Release|Any CPU
	EndGlobalSection
	GlobalSection(SolutionProperties) = preSolution
		HideSolutionNode = FALSE
	EndGlobalSection
	GlobalSection(ExtensibilityGlobals) = postSolution
		SolutionGuid = {6F31BF64-2687-4B80-98FA-3BCDAE7C2E30}
	EndGlobalSection
EndGlobal
